// !$*UTF8*$!
{
	archiveVersion = 1;
	classes = {
	};
	objectVersion = 46;
	objects = {

/* Begin PBXBuildFile section */
		2B02FB561776B85500C33524 /* DSConsolidatedOrderViewController.m in Sources */ = {isa = PBXBuildFile; fileRef = 2B02FB551776B85500C33524 /* DSConsolidatedOrderViewController.m */; };
		2B02FB591776B91C00C33524 /* DSPerPersonOrderViewController.m in Sources */ = {isa = PBXBuildFile; fileRef = 2B02FB581776B91C00C33524 /* DSPerPersonOrderViewController.m */; };
		2B02FB5C1776B98400C33524 /* DSSnackOrderViewController.m in Sources */ = {isa = PBXBuildFile; fileRef = 2B02FB5B1776B98400C33524 /* DSSnackOrderViewController.m */; };
		2B02FB601776CB0F00C33524 /* DOrderListCell.m in Sources */ = {isa = PBXBuildFile; fileRef = 2B02FB5F1776CB0F00C33524 /* DOrderListCell.m */; };
		2B1797F817761A29004D6584 /* Foundation.framework in Frameworks */ = {isa = PBXBuildFile; fileRef = 2B1797F717761A29004D6584 /* Foundation.framework */; };
		2B1797FA17761A29004D6584 /* CoreGraphics.framework in Frameworks */ = {isa = PBXBuildFile; fileRef = 2B1797F917761A29004D6584 /* CoreGraphics.framework */; };
		2B1797FC17761A29004D6584 /* UIKit.framework in Frameworks */ = {isa = PBXBuildFile; fileRef = 2B1797FB17761A29004D6584 /* UIKit.framework */; };
		2B17980217761A29004D6584 /* InfoPlist.strings in Resources */ = {isa = PBXBuildFile; fileRef = 2B17980017761A29004D6584 /* InfoPlist.strings */; };
		2B17980417761A29004D6584 /* main.m in Sources */ = {isa = PBXBuildFile; fileRef = 2B17980317761A29004D6584 /* main.m */; };
		2B17980817761A29004D6584 /* DSAppDelegate.m in Sources */ = {isa = PBXBuildFile; fileRef = 2B17980717761A29004D6584 /* DSAppDelegate.m */; };
		2B17980B17761A29004D6584 /* Main.storyboard in Resources */ = {isa = PBXBuildFile; fileRef = 2B17980917761A29004D6584 /* Main.storyboard */; };
		2B17980E17761A29004D6584 /* DSViewController.m in Sources */ = {isa = PBXBuildFile; fileRef = 2B17980D17761A29004D6584 /* DSViewController.m */; };
		2B17981017761A29004D6584 /* Images.xcassets in Resources */ = {isa = PBXBuildFile; fileRef = 2B17980F17761A29004D6584 /* Images.xcassets */; };
		2B17981717761A29004D6584 /* XCTest.framework in Frameworks */ = {isa = PBXBuildFile; fileRef = 2B17981617761A29004D6584 /* XCTest.framework */; };
		2B17981817761A29004D6584 /* Foundation.framework in Frameworks */ = {isa = PBXBuildFile; fileRef = 2B1797F717761A29004D6584 /* Foundation.framework */; };
		2B17981917761A29004D6584 /* UIKit.framework in Frameworks */ = {isa = PBXBuildFile; fileRef = 2B1797FB17761A29004D6584 /* UIKit.framework */; };
		2B17982117761A29004D6584 /* InfoPlist.strings in Resources */ = {isa = PBXBuildFile; fileRef = 2B17981F17761A29004D6584 /* InfoPlist.strings */; };
		2B17982317761A29004D6584 /* DailySnacksTests.m in Sources */ = {isa = PBXBuildFile; fileRef = 2B17982217761A29004D6584 /* DailySnacksTests.m */; };
		2B17982E17761A54004D6584 /* Model.xcdatamodeld in Sources */ = {isa = PBXBuildFile; fileRef = 2B17982C17761A54004D6584 /* Model.xcdatamodeld */; };
		2B33C96917762209009F697F /* DSPerPersonOrder.m in Sources */ = {isa = PBXBuildFile; fileRef = 2B33C96817762209009F697F /* DSPerPersonOrder.m */; };
		2B33C96C1776220A009F697F /* DSSnackPrice.m in Sources */ = {isa = PBXBuildFile; fileRef = 2B33C96B1776220A009F697F /* DSSnackPrice.m */; };
		2B33C96F1776220A009F697F /* DSSnack.m in Sources */ = {isa = PBXBuildFile; fileRef = 2B33C96E1776220A009F697F /* DSSnack.m */; };
		2B33C9721776220A009F697F /* DSConsolidatedOrder.m in Sources */ = {isa = PBXBuildFile; fileRef = 2B33C9711776220A009F697F /* DSConsolidatedOrder.m */; };
		2B33C9751776220A009F697F /* DSPerson.m in Sources */ = {isa = PBXBuildFile; fileRef = 2B33C9741776220A009F697F /* DSPerson.m */; };
		2B33C9781776220A009F697F /* DSSnackOrder.m in Sources */ = {isa = PBXBuildFile; fileRef = 2B33C9771776220A009F697F /* DSSnackOrder.m */; };
		2BA3A3A417770F63002E4F76 /* DSPersonDetailViewController.m in Sources */ = {isa = PBXBuildFile; fileRef = 2BA3A3A317770F62002E4F76 /* DSPersonDetailViewController.m */; };
		2BA3A3A71777132D002E4F76 /* DSPersonCell.m in Sources */ = {isa = PBXBuildFile; fileRef = 2BA3A3A61777132D002E4F76 /* DSPersonCell.m */; };
		2BAF12031776E37A007B1634 /* DSDataModelManager.m in Sources */ = {isa = PBXBuildFile; fileRef = 2BAF12021776E37A007B1634 /* DSDataModelManager.m */; };
		2BAF12061776F5B2007B1634 /* DSSnackOrderCell.m in Sources */ = {isa = PBXBuildFile; fileRef = 2BAF12051776F5B2007B1634 /* DSSnackOrderCell.m */; };
		2BAF120917770412007B1634 /* PerPersonOrderTableSectionHeaderView.xib in Resources */ = {isa = PBXBuildFile; fileRef = 2BAF120817770412007B1634 /* PerPersonOrderTableSectionHeaderView.xib */; };
		2BAF120D177704D4007B1634 /* DSPPOTableSectionHeaderView.m in Sources */ = {isa = PBXBuildFile; fileRef = 2BAF120C177704D4007B1634 /* DSPPOTableSectionHeaderView.m */; };
		2BAF1210177707CC007B1634 /* DSPersonListViewController.m in Sources */ = {isa = PBXBuildFile; fileRef = 2BAF120F177707CC007B1634 /* DSPersonListViewController.m */; };
/* End PBXBuildFile section */

/* Begin PBXContainerItemProxy section */
		2B17981A17761A29004D6584 /* PBXContainerItemProxy */ = {
			isa = PBXContainerItemProxy;
			containerPortal = 2B1797EC17761A29004D6584 /* Project object */;
			proxyType = 1;
			remoteGlobalIDString = 2B1797F317761A29004D6584;
			remoteInfo = DailySnacks;
		};
/* End PBXContainerItemProxy section */

/* Begin PBXFileReference section */
		2B02FB541776B85500C33524 /* DSConsolidatedOrderViewController.h */ = {isa = PBXFileReference; fileEncoding = 4; lastKnownFileType = sourcecode.c.h; path = DSConsolidatedOrderViewController.h; sourceTree = "<group>"; };
		2B02FB551776B85500C33524 /* DSConsolidatedOrderViewController.m */ = {isa = PBXFileReference; fileEncoding = 4; lastKnownFileType = sourcecode.c.objc; path = DSConsolidatedOrderViewController.m; sourceTree = "<group>"; };
		2B02FB571776B91C00C33524 /* DSPerPersonOrderViewController.h */ = {isa = PBXFileReference; fileEncoding = 4; lastKnownFileType = sourcecode.c.h; path = DSPerPersonOrderViewController.h; sourceTree = "<group>"; };
		2B02FB581776B91C00C33524 /* DSPerPersonOrderViewController.m */ = {isa = PBXFileReference; fileEncoding = 4; lastKnownFileType = sourcecode.c.objc; path = DSPerPersonOrderViewController.m; sourceTree = "<group>"; };
		2B02FB5A1776B98400C33524 /* DSSnackOrderViewController.h */ = {isa = PBXFileReference; fileEncoding = 4; lastKnownFileType = sourcecode.c.h; path = DSSnackOrderViewController.h; sourceTree = "<group>"; };
		2B02FB5B1776B98400C33524 /* DSSnackOrderViewController.m */ = {isa = PBXFileReference; fileEncoding = 4; lastKnownFileType = sourcecode.c.objc; path = DSSnackOrderViewController.m; sourceTree = "<group>"; };
		2B02FB5E1776CB0F00C33524 /* DOrderListCell.h */ = {isa = PBXFileReference; fileEncoding = 4; lastKnownFileType = sourcecode.c.h; path = DOrderListCell.h; sourceTree = "<group>"; };
		2B02FB5F1776CB0F00C33524 /* DOrderListCell.m */ = {isa = PBXFileReference; fileEncoding = 4; lastKnownFileType = sourcecode.c.objc; path = DOrderListCell.m; sourceTree = "<group>"; };
		2B1797F417761A29004D6584 /* DailySnacks.app */ = {isa = PBXFileReference; explicitFileType = wrapper.application; includeInIndex = 0; path = DailySnacks.app; sourceTree = BUILT_PRODUCTS_DIR; };
		2B1797F717761A29004D6584 /* Foundation.framework */ = {isa = PBXFileReference; lastKnownFileType = wrapper.framework; name = Foundation.framework; path = System/Library/Frameworks/Foundation.framework; sourceTree = SDKROOT; };
		2B1797F917761A29004D6584 /* CoreGraphics.framework */ = {isa = PBXFileReference; lastKnownFileType = wrapper.framework; name = CoreGraphics.framework; path = System/Library/Frameworks/CoreGraphics.framework; sourceTree = SDKROOT; };
		2B1797FB17761A29004D6584 /* UIKit.framework */ = {isa = PBXFileReference; lastKnownFileType = wrapper.framework; name = UIKit.framework; path = System/Library/Frameworks/UIKit.framework; sourceTree = SDKROOT; };
		2B1797FF17761A29004D6584 /* DailySnacks-Info.plist */ = {isa = PBXFileReference; lastKnownFileType = text.plist.xml; path = "DailySnacks-Info.plist"; sourceTree = "<group>"; };
		2B17980117761A29004D6584 /* en */ = {isa = PBXFileReference; lastKnownFileType = text.plist.strings; name = en; path = en.lproj/InfoPlist.strings; sourceTree = "<group>"; };
		2B17980317761A29004D6584 /* main.m */ = {isa = PBXFileReference; lastKnownFileType = sourcecode.c.objc; path = main.m; sourceTree = "<group>"; };
		2B17980517761A29004D6584 /* DailySnacks-Prefix.pch */ = {isa = PBXFileReference; lastKnownFileType = sourcecode.c.h; path = "DailySnacks-Prefix.pch"; sourceTree = "<group>"; };
		2B17980617761A29004D6584 /* DSAppDelegate.h */ = {isa = PBXFileReference; lastKnownFileType = sourcecode.c.h; path = DSAppDelegate.h; sourceTree = "<group>"; };
		2B17980717761A29004D6584 /* DSAppDelegate.m */ = {isa = PBXFileReference; lastKnownFileType = sourcecode.c.objc; path = DSAppDelegate.m; sourceTree = "<group>"; };
		2B17980A17761A29004D6584 /* Base */ = {isa = PBXFileReference; lastKnownFileType = file.storyboard; name = Base; path = Base.lproj/Main.storyboard; sourceTree = "<group>"; };
		2B17980C17761A29004D6584 /* DSViewController.h */ = {isa = PBXFileReference; lastKnownFileType = sourcecode.c.h; path = DSViewController.h; sourceTree = "<group>"; };
		2B17980D17761A29004D6584 /* DSViewController.m */ = {isa = PBXFileReference; lastKnownFileType = sourcecode.c.objc; path = DSViewController.m; sourceTree = "<group>"; };
		2B17980F17761A29004D6584 /* Images.xcassets */ = {isa = PBXFileReference; lastKnownFileType = folder.assetcatalog; path = Images.xcassets; sourceTree = "<group>"; };
		2B17981517761A29004D6584 /* DailySnacksTests.xctest */ = {isa = PBXFileReference; explicitFileType = wrapper.cfbundle; includeInIndex = 0; path = DailySnacksTests.xctest; sourceTree = BUILT_PRODUCTS_DIR; };
		2B17981617761A29004D6584 /* XCTest.framework */ = {isa = PBXFileReference; lastKnownFileType = wrapper.framework; name = XCTest.framework; path = Library/Frameworks/XCTest.framework; sourceTree = DEVELOPER_DIR; };
		2B17981E17761A29004D6584 /* DailySnacksTests-Info.plist */ = {isa = PBXFileReference; lastKnownFileType = text.plist.xml; path = "DailySnacksTests-Info.plist"; sourceTree = "<group>"; };
		2B17982017761A29004D6584 /* en */ = {isa = PBXFileReference; lastKnownFileType = text.plist.strings; name = en; path = en.lproj/InfoPlist.strings; sourceTree = "<group>"; };
		2B17982217761A29004D6584 /* DailySnacksTests.m */ = {isa = PBXFileReference; lastKnownFileType = sourcecode.c.objc; path = DailySnacksTests.m; sourceTree = "<group>"; };
		2B17982D17761A54004D6584 /* Model.xcdatamodel */ = {isa = PBXFileReference; lastKnownFileType = wrapper.xcdatamodel; path = Model.xcdatamodel; sourceTree = "<group>"; };
		2B33C96717762209009F697F /* DSPerPersonOrder.h */ = {isa = PBXFileReference; fileEncoding = 4; lastKnownFileType = sourcecode.c.h; path = DSPerPersonOrder.h; sourceTree = "<group>"; };
		2B33C96817762209009F697F /* DSPerPersonOrder.m */ = {isa = PBXFileReference; fileEncoding = 4; lastKnownFileType = sourcecode.c.objc; path = DSPerPersonOrder.m; sourceTree = "<group>"; };
		2B33C96A1776220A009F697F /* DSSnackPrice.h */ = {isa = PBXFileReference; fileEncoding = 4; lastKnownFileType = sourcecode.c.h; path = DSSnackPrice.h; sourceTree = "<group>"; };
		2B33C96B1776220A009F697F /* DSSnackPrice.m */ = {isa = PBXFileReference; fileEncoding = 4; lastKnownFileType = sourcecode.c.objc; path = DSSnackPrice.m; sourceTree = "<group>"; };
		2B33C96D1776220A009F697F /* DSSnack.h */ = {isa = PBXFileReference; fileEncoding = 4; lastKnownFileType = sourcecode.c.h; path = DSSnack.h; sourceTree = "<group>"; };
		2B33C96E1776220A009F697F /* DSSnack.m */ = {isa = PBXFileReference; fileEncoding = 4; lastKnownFileType = sourcecode.c.objc; path = DSSnack.m; sourceTree = "<group>"; };
		2B33C9701776220A009F697F /* DSConsolidatedOrder.h */ = {isa = PBXFileReference; fileEncoding = 4; lastKnownFileType = sourcecode.c.h; path = DSConsolidatedOrder.h; sourceTree = "<group>"; };
		2B33C9711776220A009F697F /* DSConsolidatedOrder.m */ = {isa = PBXFileReference; fileEncoding = 4; lastKnownFileType = sourcecode.c.objc; path = DSConsolidatedOrder.m; sourceTree = "<group>"; };
		2B33C9731776220A009F697F /* DSPerson.h */ = {isa = PBXFileReference; fileEncoding = 4; lastKnownFileType = sourcecode.c.h; path = DSPerson.h; sourceTree = "<group>"; };
		2B33C9741776220A009F697F /* DSPerson.m */ = {isa = PBXFileReference; fileEncoding = 4; lastKnownFileType = sourcecode.c.objc; path = DSPerson.m; sourceTree = "<group>"; };
		2B33C9761776220A009F697F /* DSSnackOrder.h */ = {isa = PBXFileReference; fileEncoding = 4; lastKnownFileType = sourcecode.c.h; path = DSSnackOrder.h; sourceTree = "<group>"; };
		2B33C9771776220A009F697F /* DSSnackOrder.m */ = {isa = PBXFileReference; fileEncoding = 4; lastKnownFileType = sourcecode.c.objc; path = DSSnackOrder.m; sourceTree = "<group>"; };
		2BA3A3A217770F62002E4F76 /* DSPersonDetailViewController.h */ = {isa = PBXFileReference; fileEncoding = 4; lastKnownFileType = sourcecode.c.h; path = DSPersonDetailViewController.h; sourceTree = "<group>"; };
		2BA3A3A317770F62002E4F76 /* DSPersonDetailViewController.m */ = {isa = PBXFileReference; fileEncoding = 4; lastKnownFileType = sourcecode.c.objc; path = DSPersonDetailViewController.m; sourceTree = "<group>"; };
		2BA3A3A51777132D002E4F76 /* DSPersonCell.h */ = {isa = PBXFileReference; fileEncoding = 4; lastKnownFileType = sourcecode.c.h; path = DSPersonCell.h; sourceTree = "<group>"; };
		2BA3A3A61777132D002E4F76 /* DSPersonCell.m */ = {isa = PBXFileReference; fileEncoding = 4; lastKnownFileType = sourcecode.c.objc; path = DSPersonCell.m; sourceTree = "<group>"; };
		2BAF12011776E37A007B1634 /* DSDataModelManager.h */ = {isa = PBXFileReference; fileEncoding = 4; lastKnownFileType = sourcecode.c.h; path = DSDataModelManager.h; sourceTree = "<group>"; };
		2BAF12021776E37A007B1634 /* DSDataModelManager.m */ = {isa = PBXFileReference; fileEncoding = 4; lastKnownFileType = sourcecode.c.objc; path = DSDataModelManager.m; sourceTree = "<group>"; };
		2BAF12041776F5B2007B1634 /* DSSnackOrderCell.h */ = {isa = PBXFileReference; fileEncoding = 4; lastKnownFileType = sourcecode.c.h; path = DSSnackOrderCell.h; sourceTree = "<group>"; };
		2BAF12051776F5B2007B1634 /* DSSnackOrderCell.m */ = {isa = PBXFileReference; fileEncoding = 4; lastKnownFileType = sourcecode.c.objc; path = DSSnackOrderCell.m; sourceTree = "<group>"; };
		2BAF120817770412007B1634 /* PerPersonOrderTableSectionHeaderView.xib */ = {isa = PBXFileReference; fileEncoding = 4; lastKnownFileType = file.xib; path = PerPersonOrderTableSectionHeaderView.xib; sourceTree = "<group>"; };
		2BAF120B177704D4007B1634 /* DSPPOTableSectionHeaderView.h */ = {isa = PBXFileReference; fileEncoding = 4; lastKnownFileType = sourcecode.c.h; path = DSPPOTableSectionHeaderView.h; sourceTree = "<group>"; };
		2BAF120C177704D4007B1634 /* DSPPOTableSectionHeaderView.m */ = {isa = PBXFileReference; fileEncoding = 4; lastKnownFileType = sourcecode.c.objc; path = DSPPOTableSectionHeaderView.m; sourceTree = "<group>"; };
		2BAF120E177707CC007B1634 /* DSPersonListViewController.h */ = {isa = PBXFileReference; fileEncoding = 4; lastKnownFileType = sourcecode.c.h; path = DSPersonListViewController.h; sourceTree = "<group>"; };
		2BAF120F177707CC007B1634 /* DSPersonListViewController.m */ = {isa = PBXFileReference; fileEncoding = 4; lastKnownFileType = sourcecode.c.objc; path = DSPersonListViewController.m; sourceTree = "<group>"; };
/* End PBXFileReference section */

/* Begin PBXFrameworksBuildPhase section */
		2B1797F117761A29004D6584 /* Frameworks */ = {
			isa = PBXFrameworksBuildPhase;
			buildActionMask = 2147483647;
			files = (
				2B1797FA17761A29004D6584 /* CoreGraphics.framework in Frameworks */,
				2B1797FC17761A29004D6584 /* UIKit.framework in Frameworks */,
				2B1797F817761A29004D6584 /* Foundation.framework in Frameworks */,
			);
			runOnlyForDeploymentPostprocessing = 0;
		};
		2B17981217761A29004D6584 /* Frameworks */ = {
			isa = PBXFrameworksBuildPhase;
			buildActionMask = 2147483647;
			files = (
				2B17981717761A29004D6584 /* XCTest.framework in Frameworks */,
				2B17981917761A29004D6584 /* UIKit.framework in Frameworks */,
				2B17981817761A29004D6584 /* Foundation.framework in Frameworks */,
			);
			runOnlyForDeploymentPostprocessing = 0;
		};
/* End PBXFrameworksBuildPhase section */

/* Begin PBXGroup section */
		2B02FB5D1776CA9700C33524 /* TableViewCells */ = {
			isa = PBXGroup;
			children = (
				2B02FB5E1776CB0F00C33524 /* DOrderListCell.h */,
				2B02FB5F1776CB0F00C33524 /* DOrderListCell.m */,
				2BAF12041776F5B2007B1634 /* DSSnackOrderCell.h */,
				2BAF12051776F5B2007B1634 /* DSSnackOrderCell.m */,
				2BA3A3A51777132D002E4F76 /* DSPersonCell.h */,
				2BA3A3A61777132D002E4F76 /* DSPersonCell.m */,
			);
			path = TableViewCells;
			sourceTree = "<group>";
		};
		2B1797EB17761A29004D6584 = {
			isa = PBXGroup;
			children = (
				2B1797FD17761A29004D6584 /* DailySnacks */,
				2B17981C17761A29004D6584 /* DailySnacksTests */,
				2B1797F617761A29004D6584 /* Frameworks */,
				2B1797F517761A29004D6584 /* Products */,
			);
			sourceTree = "<group>";
		};
		2B1797F517761A29004D6584 /* Products */ = {
			isa = PBXGroup;
			children = (
				2B1797F417761A29004D6584 /* DailySnacks.app */,
				2B17981517761A29004D6584 /* DailySnacksTests.xctest */,
			);
			name = Products;
			sourceTree = "<group>";
		};
		2B1797F617761A29004D6584 /* Frameworks */ = {
			isa = PBXGroup;
			children = (
				2B1797F717761A29004D6584 /* Foundation.framework */,
				2B1797F917761A29004D6584 /* CoreGraphics.framework */,
				2B1797FB17761A29004D6584 /* UIKit.framework */,
				2B17981617761A29004D6584 /* XCTest.framework */,
			);
			name = Frameworks;
			sourceTree = "<group>";
		};
		2B1797FD17761A29004D6584 /* DailySnacks */ = {
			isa = PBXGroup;
			children = (
				2BAF120A17770465007B1634 /* CustomView */,
				2B02FB5D1776CA9700C33524 /* TableViewCells */,
				2B33C985177624EB009F697F /* ViewControllers */,
				2B33C966177621D3009F697F /* Model */,
				2B17980617761A29004D6584 /* DSAppDelegate.h */,
				2B17980717761A29004D6584 /* DSAppDelegate.m */,
				2B17980917761A29004D6584 /* Main.storyboard */,
				2B17980C17761A29004D6584 /* DSViewController.h */,
				2B17980D17761A29004D6584 /* DSViewController.m */,
				2B17980F17761A29004D6584 /* Images.xcassets */,
				2B1797FE17761A29004D6584 /* Supporting Files */,
			);
			path = DailySnacks;
			sourceTree = "<group>";
		};
		2B1797FE17761A29004D6584 /* Supporting Files */ = {
			isa = PBXGroup;
			children = (
				2BAF120717770378007B1634 /* XIBS */,
				2B1797FF17761A29004D6584 /* DailySnacks-Info.plist */,
				2B17980017761A29004D6584 /* InfoPlist.strings */,
				2B17980317761A29004D6584 /* main.m */,
				2B17980517761A29004D6584 /* DailySnacks-Prefix.pch */,
				2B17982C17761A54004D6584 /* Model.xcdatamodeld */,
			);
			name = "Supporting Files";
			sourceTree = "<group>";
		};
		2B17981C17761A29004D6584 /* DailySnacksTests */ = {
			isa = PBXGroup;
			children = (
				2B17982217761A29004D6584 /* DailySnacksTests.m */,
				2B17981D17761A29004D6584 /* Supporting Files */,
			);
			path = DailySnacksTests;
			sourceTree = "<group>";
		};
		2B17981D17761A29004D6584 /* Supporting Files */ = {
			isa = PBXGroup;
			children = (
				2B17981E17761A29004D6584 /* DailySnacksTests-Info.plist */,
				2B17981F17761A29004D6584 /* InfoPlist.strings */,
			);
			name = "Supporting Files";
			sourceTree = "<group>";
		};
		2B33C966177621D3009F697F /* Model */ = {
			isa = PBXGroup;
			children = (
				2B33C9761776220A009F697F /* DSSnackOrder.h */,
				2B33C9771776220A009F697F /* DSSnackOrder.m */,
				2B33C9731776220A009F697F /* DSPerson.h */,
				2B33C9741776220A009F697F /* DSPerson.m */,
				2B33C9701776220A009F697F /* DSConsolidatedOrder.h */,
				2B33C9711776220A009F697F /* DSConsolidatedOrder.m */,
				2B33C96D1776220A009F697F /* DSSnack.h */,
				2B33C96E1776220A009F697F /* DSSnack.m */,
				2B33C96A1776220A009F697F /* DSSnackPrice.h */,
				2B33C96B1776220A009F697F /* DSSnackPrice.m */,
				2B33C96717762209009F697F /* DSPerPersonOrder.h */,
				2B33C96817762209009F697F /* DSPerPersonOrder.m */,
				2BAF12011776E37A007B1634 /* DSDataModelManager.h */,
				2BAF12021776E37A007B1634 /* DSDataModelManager.m */,
			);
			path = Model;
			sourceTree = "<group>";
		};
		2B33C985177624EB009F697F /* ViewControllers */ = {
			isa = PBXGroup;
			children = (
				2B02FB541776B85500C33524 /* DSConsolidatedOrderViewController.h */,
				2B02FB551776B85500C33524 /* DSConsolidatedOrderViewController.m */,
				2B02FB571776B91C00C33524 /* DSPerPersonOrderViewController.h */,
				2B02FB581776B91C00C33524 /* DSPerPersonOrderViewController.m */,
				2B02FB5A1776B98400C33524 /* DSSnackOrderViewController.h */,
				2B02FB5B1776B98400C33524 /* DSSnackOrderViewController.m */,
				2BAF120E177707CC007B1634 /* DSPersonListViewController.h */,
				2BAF120F177707CC007B1634 /* DSPersonListViewController.m */,
				2BA3A3A217770F62002E4F76 /* DSPersonDetailViewController.h */,
				2BA3A3A317770F62002E4F76 /* DSPersonDetailViewController.m */,
			);
			path = ViewControllers;
			sourceTree = "<group>";
		};
		2BAF120717770378007B1634 /* XIBS */ = {
			isa = PBXGroup;
			children = (
				2BAF120817770412007B1634 /* PerPersonOrderTableSectionHeaderView.xib */,
			);
			path = XIBS;
			sourceTree = "<group>";
		};
		2BAF120A17770465007B1634 /* CustomView */ = {
			isa = PBXGroup;
			children = (
				2BAF120B177704D4007B1634 /* DSPPOTableSectionHeaderView.h */,
				2BAF120C177704D4007B1634 /* DSPPOTableSectionHeaderView.m */,
			);
			path = CustomView;
			sourceTree = "<group>";
		};
/* End PBXGroup section */

/* Begin PBXNativeTarget section */
		2B1797F317761A29004D6584 /* DailySnacks */ = {
			isa = PBXNativeTarget;
			buildConfigurationList = 2B17982617761A29004D6584 /* Build configuration list for PBXNativeTarget "DailySnacks" */;
			buildPhases = (
				2B1797F017761A29004D6584 /* Sources */,
				2B1797F117761A29004D6584 /* Frameworks */,
				2B1797F217761A29004D6584 /* Resources */,
			);
			buildRules = (
			);
			dependencies = (
			);
			name = DailySnacks;
			productName = DailySnacks;
			productReference = 2B1797F417761A29004D6584 /* DailySnacks.app */;
			productType = "com.apple.product-type.application";
		};
		2B17981417761A29004D6584 /* DailySnacksTests */ = {
			isa = PBXNativeTarget;
			buildConfigurationList = 2B17982917761A29004D6584 /* Build configuration list for PBXNativeTarget "DailySnacksTests" */;
			buildPhases = (
				2B17981117761A29004D6584 /* Sources */,
				2B17981217761A29004D6584 /* Frameworks */,
				2B17981317761A29004D6584 /* Resources */,
			);
			buildRules = (
			);
			dependencies = (
				2B17981B17761A29004D6584 /* PBXTargetDependency */,
			);
			name = DailySnacksTests;
			productName = DailySnacksTests;
			productReference = 2B17981517761A29004D6584 /* DailySnacksTests.xctest */;
			productType = "com.apple.product-type.bundle.unit-test";
		};
/* End PBXNativeTarget section */

/* Begin PBXProject section */
		2B1797EC17761A29004D6584 /* Project object */ = {
			isa = PBXProject;
			attributes = {
				CLASSPREFIX = DS;
				LastUpgradeCheck = 0500;
				ORGANIZATIONNAME = "Rakesh Patole";
				TargetAttributes = {
					2B17981417761A29004D6584 = {
						TestTargetID = 2B1797F317761A29004D6584;
					};
				};
			};
			buildConfigurationList = 2B1797EF17761A29004D6584 /* Build configuration list for PBXProject "DailySnacks" */;
			compatibilityVersion = "Xcode 3.2";
			developmentRegion = English;
			hasScannedForEncodings = 0;
			knownRegions = (
				en,
				Base,
			);
			mainGroup = 2B1797EB17761A29004D6584;
			productRefGroup = 2B1797F517761A29004D6584 /* Products */;
			projectDirPath = "";
			projectRoot = "";
			targets = (
				2B1797F317761A29004D6584 /* DailySnacks */,
				2B17981417761A29004D6584 /* DailySnacksTests */,
			);
		};
/* End PBXProject section */

/* Begin PBXResourcesBuildPhase section */
		2B1797F217761A29004D6584 /* Resources */ = {
			isa = PBXResourcesBuildPhase;
			buildActionMask = 2147483647;
			files = (
				2BAF120917770412007B1634 /* PerPersonOrderTableSectionHeaderView.xib in Resources */,
				2B17981017761A29004D6584 /* Images.xcassets in Resources */,
				2B17980217761A29004D6584 /* InfoPlist.strings in Resources */,
				2B17980B17761A29004D6584 /* Main.storyboard in Resources */,
			);
			runOnlyForDeploymentPostprocessing = 0;
		};
		2B17981317761A29004D6584 /* Resources */ = {
			isa = PBXResourcesBuildPhase;
			buildActionMask = 2147483647;
			files = (
				2B17982117761A29004D6584 /* InfoPlist.strings in Resources */,
			);
			runOnlyForDeploymentPostprocessing = 0;
		};
/* End PBXResourcesBuildPhase section */

/* Begin PBXSourcesBuildPhase section */
		2B1797F017761A29004D6584 /* Sources */ = {
			isa = PBXSourcesBuildPhase;
			buildActionMask = 2147483647;
			files = (
				2BAF12061776F5B2007B1634 /* DSSnackOrderCell.m in Sources */,
				2B33C96F1776220A009F697F /* DSSnack.m in Sources */,
				2BAF120D177704D4007B1634 /* DSPPOTableSectionHeaderView.m in Sources */,
				2B17980417761A29004D6584 /* main.m in Sources */,
				2B33C9751776220A009F697F /* DSPerson.m in Sources */,
				2B17980E17761A29004D6584 /* DSViewController.m in Sources */,
				2BAF1210177707CC007B1634 /* DSPersonListViewController.m in Sources */,
				2BA3A3A71777132D002E4F76 /* DSPersonCell.m in Sources */,
				2B17980817761A29004D6584 /* DSAppDelegate.m in Sources */,
				2B33C9721776220A009F697F /* DSConsolidatedOrder.m in Sources */,
				2B02FB591776B91C00C33524 /* DSPerPersonOrderViewController.m in Sources */,
				2B02FB601776CB0F00C33524 /* DOrderListCell.m in Sources */,
				2B02FB561776B85500C33524 /* DSConsolidatedOrderViewController.m in Sources */,
				2B02FB5C1776B98400C33524 /* DSSnackOrderViewController.m in Sources */,
				2B33C96C1776220A009F697F /* DSSnackPrice.m in Sources */,
				2BA3A3A417770F63002E4F76 /* DSPersonDetailViewController.m in Sources */,
				2B17982E17761A54004D6584 /* Model.xcdatamodeld in Sources */,
				2B33C9781776220A009F697F /* DSSnackOrder.m in Sources */,
				2B33C96917762209009F697F /* DSPerPersonOrder.m in Sources */,
				2BAF12031776E37A007B1634 /* DSDataModelManager.m in Sources */,
			);
			runOnlyForDeploymentPostprocessing = 0;
		};
		2B17981117761A29004D6584 /* Sources */ = {
			isa = PBXSourcesBuildPhase;
			buildActionMask = 2147483647;
			files = (
				2B17982317761A29004D6584 /* DailySnacksTests.m in Sources */,
			);
			runOnlyForDeploymentPostprocessing = 0;
		};
/* End PBXSourcesBuildPhase section */

/* Begin PBXTargetDependency section */
		2B17981B17761A29004D6584 /* PBXTargetDependency */ = {
			isa = PBXTargetDependency;
			target = 2B1797F317761A29004D6584 /* DailySnacks */;
			targetProxy = 2B17981A17761A29004D6584 /* PBXContainerItemProxy */;
		};
/* End PBXTargetDependency section */

/* Begin PBXVariantGroup section */
		2B17980017761A29004D6584 /* InfoPlist.strings */ = {
			isa = PBXVariantGroup;
			children = (
				2B17980117761A29004D6584 /* en */,
			);
			name = InfoPlist.strings;
			sourceTree = "<group>";
		};
		2B17980917761A29004D6584 /* Main.storyboard */ = {
			isa = PBXVariantGroup;
			children = (
				2B17980A17761A29004D6584 /* Base */,
			);
			name = Main.storyboard;
			sourceTree = "<group>";
		};
		2B17981F17761A29004D6584 /* InfoPlist.strings */ = {
			isa = PBXVariantGroup;
			children = (
				2B17982017761A29004D6584 /* en */,
			);
			name = InfoPlist.strings;
			sourceTree = "<group>";
		};
/* End PBXVariantGroup section */

/* Begin XCBuildConfiguration section */
		2B17982417761A29004D6584 /* Debug */ = {
			isa = XCBuildConfiguration;
			buildSettings = {
				ALWAYS_SEARCH_USER_PATHS = NO;
				CLANG_CXX_LANGUAGE_STANDARD = "gnu++0x";
				CLANG_CXX_LIBRARY = "libc++";
				CLANG_ENABLE_MODULES = YES;
				CLANG_ENABLE_OBJC_ARC = YES;
				CLANG_WARN_BOOL_CONVERSION = YES;
				CLANG_WARN_CONSTANT_CONVERSION = YES;
				CLANG_WARN_DIRECT_OBJC_ISA_USAGE = YES_ERROR;
				CLANG_WARN_EMPTY_BODY = YES;
				CLANG_WARN_ENUM_CONVERSION = YES;
				CLANG_WARN_INT_CONVERSION = YES;
				CLANG_WARN_OBJC_ROOT_CLASS = YES_ERROR;
				CLANG_WARN__DUPLICATE_METHOD_MATCH = YES;
				"CODE_SIGN_IDENTITY[sdk=iphoneos*]" = "iPhone Developer";
				COPY_PHASE_STRIP = NO;
				GCC_C_LANGUAGE_STANDARD = gnu99;
				GCC_DYNAMIC_NO_PIC = NO;
				GCC_OPTIMIZATION_LEVEL = 0;
				GCC_PREPROCESSOR_DEFINITIONS = (
					"DEBUG=1",
					"$(inherited)",
				);
				GCC_SYMBOLS_PRIVATE_EXTERN = NO;
				GCC_WARN_ABOUT_RETURN_TYPE = YES_ERROR;
				GCC_WARN_UNDECLARED_SELECTOR = YES;
				GCC_WARN_UNINITIALIZED_AUTOS = YES;
				GCC_WARN_UNUSED_FUNCTION = YES;
				GCC_WARN_UNUSED_VARIABLE = YES;
				IPHONEOS_DEPLOYMENT_TARGET = 7.0;
				ONLY_ACTIVE_ARCH = YES;
				SDKROOT = iphoneos;
			};
			name = Debug;
		};
		2B17982517761A29004D6584 /* Release */ = {
			isa = XCBuildConfiguration;
			buildSettings = {
				ALWAYS_SEARCH_USER_PATHS = NO;
				CLANG_CXX_LANGUAGE_STANDARD = "gnu++0x";
				CLANG_CXX_LIBRARY = "libc++";
				CLANG_ENABLE_MODULES = YES;
				CLANG_ENABLE_OBJC_ARC = YES;
				CLANG_WARN_BOOL_CONVERSION = YES;
				CLANG_WARN_CONSTANT_CONVERSION = YES;
				CLANG_WARN_DIRECT_OBJC_ISA_USAGE = YES_ERROR;
				CLANG_WARN_EMPTY_BODY = YES;
				CLANG_WARN_ENUM_CONVERSION = YES;
				CLANG_WARN_INT_CONVERSION = YES;
				CLANG_WARN_OBJC_ROOT_CLASS = YES_ERROR;
				CLANG_WARN__DUPLICATE_METHOD_MATCH = YES;
				"CODE_SIGN_IDENTITY[sdk=iphoneos*]" = "iPhone Developer";
				COPY_PHASE_STRIP = YES;
				ENABLE_NS_ASSERTIONS = NO;
				GCC_C_LANGUAGE_STANDARD = gnu99;
				GCC_WARN_ABOUT_RETURN_TYPE = YES_ERROR;
				GCC_WARN_UNDECLARED_SELECTOR = YES;
				GCC_WARN_UNINITIALIZED_AUTOS = YES;
				GCC_WARN_UNUSED_FUNCTION = YES;
				GCC_WARN_UNUSED_VARIABLE = YES;
				IPHONEOS_DEPLOYMENT_TARGET = 7.0;
				SDKROOT = iphoneos;
				VALIDATE_PRODUCT = YES;
			};
			name = Release;
		};
		2B17982717761A29004D6584 /* Debug */ = {
			isa = XCBuildConfiguration;
			buildSettings = {
				ASSETCATALOG_COMPILER_APPICON_NAME = AppIcon;
				ASSETCATALOG_COMPILER_LAUNCHIMAGE_NAME = LaunchImage;
				GCC_PRECOMPILE_PREFIX_HEADER = YES;
				GCC_PREFIX_HEADER = "DailySnacks/DailySnacks-Prefix.pch";
				INFOPLIST_FILE = "DailySnacks/DailySnacks-Info.plist";
				IPHONEOS_DEPLOYMENT_TARGET = 7.0;
				PRODUCT_NAME = "$(TARGET_NAME)";
				WRAPPER_EXTENSION = app;
			};
			name = Debug;
		};
		2B17982817761A29004D6584 /* Release */ = {
			isa = XCBuildConfiguration;
			buildSettings = {
				ASSETCATALOG_COMPILER_APPICON_NAME = AppIcon;
				ASSETCATALOG_COMPILER_LAUNCHIMAGE_NAME = LaunchImage;
				GCC_PRECOMPILE_PREFIX_HEADER = YES;
				GCC_PREFIX_HEADER = "DailySnacks/DailySnacks-Prefix.pch";
				INFOPLIST_FILE = "DailySnacks/DailySnacks-Info.plist";
				IPHONEOS_DEPLOYMENT_TARGET = 7.0;
				PRODUCT_NAME = "$(TARGET_NAME)";
				WRAPPER_EXTENSION = app;
			};
			name = Release;
		};
		2B17982A17761A29004D6584 /* Debug */ = {
			isa = XCBuildConfiguration;
			buildSettings = {
				BUNDLE_LOADER = "$(BUILT_PRODUCTS_DIR)/DailySnacks.app/DailySnacks";
				FRAMEWORK_SEARCH_PATHS = (
					"$(SDKROOT)/Developer/Library/Frameworks",
					"$(inherited)",
					"$(SYSTEM_APPS_DIR)/Xcode5-DP.app/Contents/Developer/Library/Frameworks",
				);
				GCC_PRECOMPILE_PREFIX_HEADER = YES;
				GCC_PREFIX_HEADER = "DailySnacks/DailySnacks-Prefix.pch";
				GCC_PREPROCESSOR_DEFINITIONS = (
					"DEBUG=1",
					"$(inherited)",
				);
				INFOPLIST_FILE = "DailySnacksTests/DailySnacksTests-Info.plist";
				PRODUCT_NAME = "$(TARGET_NAME)";
				TEST_HOST = "$(BUNDLE_LOADER)";
				WRAPPER_EXTENSION = xctest;
			};
			name = Debug;
		};
		2B17982B17761A29004D6584 /* Release */ = {
			isa = XCBuildConfiguration;
			buildSettings = {
				BUNDLE_LOADER = "$(BUILT_PRODUCTS_DIR)/DailySnacks.app/DailySnacks";
				FRAMEWORK_SEARCH_PATHS = (
					"$(SDKROOT)/Developer/Library/Frameworks",
					"$(inherited)",
					"$(SYSTEM_APPS_DIR)/Xcode5-DP.app/Contents/Developer/Library/Frameworks",
				);
				GCC_PRECOMPILE_PREFIX_HEADER = YES;
				GCC_PREFIX_HEADER = "DailySnacks/DailySnacks-Prefix.pch";
				INFOPLIST_FILE = "DailySnacksTests/DailySnacksTests-Info.plist";
				PRODUCT_NAME = "$(TARGET_NAME)";
				TEST_HOST = "$(BUNDLE_LOADER)";
				WRAPPER_EXTENSION = xctest;
			};
			name = Release;
		};
/* End XCBuildConfiguration section */

/* Begin XCConfigurationList section */
		2B1797EF17761A29004D6584 /* Build configuration list for PBXProject "DailySnacks" */ = {
			isa = XCConfigurationList;
			buildConfigurations = (
				2B17982417761A29004D6584 /* Debug */,
				2B17982517761A29004D6584 /* Release */,
			);
			defaultConfigurationIsVisible = 0;
			defaultConfigurationName = Release;
		};
		2B17982617761A29004D6584 /* Build configuration list for PBXNativeTarget "DailySnacks" */ = {
			isa = XCConfigurationList;
			buildConfigurations = (
				2B17982717761A29004D6584 /* Debug */,
				2B17982817761A29004D6584 /* Release */,
			);
			defaultConfigurationIsVisible = 0;
			defaultConfigurationName = Release;
		};
		2B17982917761A29004D6584 /* Build configuration list for PBXNativeTarget "DailySnacksTests" */ = {
			isa = XCConfigurationList;
			buildConfigurations = (
				2B17982A17761A29004D6584 /* Debug */,
				2B17982B17761A29004D6584 /* Release */,
			);
			defaultConfigurationIsVisible = 0;
			defaultConfigurationName = Release;
		};
/* End XCConfigurationList section */

/* Begin XCVersionGroup section */
		2B17982C17761A54004D6584 /* Model.xcdatamodeld */ = {
			isa = XCVersionGroup;
			children = (
				2B17982D17761A54004D6584 /* Model.xcdatamodel */,
			);
			currentVersion = 2B17982D17761A54004D6584 /* Model.xcdatamodel */;
			path = Model.xcdatamodeld;
			sourceTree = "<group>";
			versionGroupType = wrapper.xcdatamodel;
		};
/* End XCVersionGroup section */
	};
	rootObject = 2B1797EC17761A29004D6584 /* Project object */;
}
